
Microsoft Visual Studio Solution File, Format Version 12.00
# Visual Studio Version 16
VisualStudioVersion = 16.0.30204.135
MinimumVisualStudioVersion = 10.0.40219.1
Project("{FAE04EC0-301F-11D3-BF4B-00C04F79EFBC}") = "Two_Envelops", "Two_Envelops\Two_Envelops.csproj", "{093AADA7-52E9-42E8-A8E8-72D0A8577740}"
EndProject
Global
	GlobalSection(SolutionConfigurationPlatforms) = preSolution
		Debug|Any CPU = Debug|Any CPU
		Release|Any CPU = Release|Any CPU
	EndGlobalSection
	GlobalSection(ProjectConfigurationPlatforms) = postSolution
		{093AADA7-52E9-42E8-A8E8-72D0A8577740}.Debug|Any CPU.ActiveCfg = Debug|Any CPU
		{093AADA7-52E9-42E8-A8E8-72D0A8577740}.Debug|Any CPU.Build.0 = Debug|Any CPU
		{093AADA7-52E9-42E8-A8E8-72D0A8577740}.Release|Any CPU.ActiveCfg = Release|Any CPU
		{093AADA7-52E9-42E8-A8E8-72D0A8577740}.Release|Any CPU.Build.0 = Release|Any CPU
	EndGlobalSection
	GlobalSection(SolutionProperties) = preSolution
		HideSolutionNode = FALSE
	EndGlobalSection
	GlobalSection(ExtensibilityGlobals) = postSolution
		SolutionGuid = {D82DCAF5-71DF-4209-8E35-CDDDCA2514F1}
	EndGlobalSection
EndGlobal
